// !$*UTF8*$!
{
	archiveVersion = 1;
	classes = {
	};
	objectVersion = 50;
	objects = {

/* Begin PBXBuildFile section */
		61BF922A24FD8F1400A8A8BE /* AppDelegate.swift in Sources */ = {isa = PBXBuildFile; fileRef = 61BF922924FD8F1400A8A8BE /* AppDelegate.swift */; };
		61BF922C24FD8F1400A8A8BE /* SceneDelegate.swift in Sources */ = {isa = PBXBuildFile; fileRef = 61BF922B24FD8F1400A8A8BE /* SceneDelegate.swift */; };
		61BF922E24FD8F1400A8A8BE /* ViewController.swift in Sources */ = {isa = PBXBuildFile; fileRef = 61BF922D24FD8F1400A8A8BE /* ViewController.swift */; };
		61BF923124FD8F1400A8A8BE /* Main.storyboard in Resources */ = {isa = PBXBuildFile; fileRef = 61BF922F24FD8F1400A8A8BE /* Main.storyboard */; };
		61BF923324FD8F1600A8A8BE /* Assets.xcassets in Resources */ = {isa = PBXBuildFile; fileRef = 61BF923224FD8F1600A8A8BE /* Assets.xcassets */; };
		61BF923624FD8F1600A8A8BE /* LaunchScreen.storyboard in Resources */ = {isa = PBXBuildFile; fileRef = 61BF923424FD8F1600A8A8BE /* LaunchScreen.storyboard */; };
/* End PBXBuildFile section */

/* Begin PBXFileReference section */
		61BF922624FD8F1400A8A8BE /* Final Challenge.app */ = {isa = PBXFileReference; explicitFileType = wrapper.application; includeInIndex = 0; path = "Final Challenge.app"; sourceTree = BUILT_PRODUCTS_DIR; };
		61BF922924FD8F1400A8A8BE /* AppDelegate.swift */ = {isa = PBXFileReference; lastKnownFileType = sourcecode.swift; path = AppDelegate.swift; sourceTree = "<group>"; };
		61BF922B24FD8F1400A8A8BE /* SceneDelegate.swift */ = {isa = PBXFileReference; lastKnownFileType = sourcecode.swift; path = SceneDelegate.swift; sourceTree = "<group>"; };
		61BF922D24FD8F1400A8A8BE /* ViewController.swift */ = {isa = PBXFileReference; lastKnownFileType = sourcecode.swift; path = ViewController.swift; sourceTree = "<group>"; };
		61BF923024FD8F1400A8A8BE /* Base */ = {isa = PBXFileReference; lastKnownFileType = file.storyboard; name = Base; path = Base.lproj/Main.storyboard; sourceTree = "<group>"; };
		61BF923224FD8F1600A8A8BE /* Assets.xcassets */ = {isa = PBXFileReference; lastKnownFileType = folder.assetcatalog; path = Assets.xcassets; sourceTree = "<group>"; };
		61BF923524FD8F1600A8A8BE /* Base */ = {isa = PBXFileReference; lastKnownFileType = file.storyboard; name = Base; path = Base.lproj/LaunchScreen.storyboard; sourceTree = "<group>"; };
		61BF923724FD8F1600A8A8BE /* Info.plist */ = {isa = PBXFileReference; lastKnownFileType = text.plist.xml; path = Info.plist; sourceTree = "<group>"; };
/* End PBXFileReference section */

/* Begin PBXFrameworksBuildPhase section */
		61BF922324FD8F1400A8A8BE /* Frameworks */ = {
			isa = PBXFrameworksBuildPhase;
			buildActionMask = 2147483647;
			files = (
			);
			runOnlyForDeploymentPostprocessing = 0;
		};
/* End PBXFrameworksBuildPhase section */

/* Begin PBXGroup section */
		61BF921D24FD8F1400A8A8BE = {
			isa = PBXGroup;
			children = (
				61BF922824FD8F1400A8A8BE /* Final Challenge */,
				61BF922724FD8F1400A8A8BE /* Products */,
			);
			sourceTree = "<group>";
		};
		61BF922724FD8F1400A8A8BE /* Products */ = {
			isa = PBXGroup;
			children = (
				61BF922624FD8F1400A8A8BE /* Final Challenge.app */,
			);
			name = Products;
			sourceTree = "<group>";
		};
		61BF922824FD8F1400A8A8BE /* Final Challenge */ = {
			isa = PBXGroup;
			children = (
				61BF922924FD8F1400A8A8BE /* AppDelegate.swift */,
				61BF922B24FD8F1400A8A8BE /* SceneDelegate.swift */,
				61BF922D24FD8F1400A8A8BE /* ViewController.swift */,
				61BF922F24FD8F1400A8A8BE /* Main.storyboard */,
				61BF923224FD8F1600A8A8BE /* Assets.xcassets */,
				61BF923424FD8F1600A8A8BE /* LaunchScreen.storyboard */,
				61BF923724FD8F1600A8A8BE /* Info.plist */,
			);
			path = "Final Challenge";
			sourceTree = "<group>";
		};
/* End PBXGroup section */

/* Begin PBXNativeTarget section */
		61BF922524FD8F1400A8A8BE /* Final Challenge */ = {
			isa = PBXNativeTarget;
			buildConfigurationList = 61BF923A24FD8F1600A8A8BE /* Build configuration list for PBXNativeTarget "Final Challenge" */;
			buildPhases = (
				61BF922224FD8F1400A8A8BE /* Sources */,
				61BF922324FD8F1400A8A8BE /* Frameworks */,
				61BF922424FD8F1400A8A8BE /* Resources */,
			);
			buildRules = (
			);
			dependencies = (
			);
			name = "Final Challenge";
			productName = "Final Challenge";
			productReference = 61BF922624FD8F1400A8A8BE /* Final Challenge.app */;
			productType = "com.apple.product-type.application";
		};
/* End PBXNativeTarget section */

/* Begin PBXProject section */
		61BF921E24FD8F1400A8A8BE /* Project object */ = {
			isa = PBXProject;
			attributes = {
				LastSwiftUpdateCheck = 1160;
				LastUpgradeCheck = 1160;
				ORGANIZATIONNAME = "João Henrique Andrade";
				TargetAttributes = {
					61BF922524FD8F1400A8A8BE = {
						CreatedOnToolsVersion = 11.6;
					};
				};
			};
			buildConfigurationList = 61BF922124FD8F1400A8A8BE /* Build configuration list for PBXProject "Final Challenge" */;
			compatibilityVersion = "Xcode 9.3";
			developmentRegion = en;
			hasScannedForEncodings = 0;
			knownRegions = (
				en,
				Base,
			);
			mainGroup = 61BF921D24FD8F1400A8A8BE;
			productRefGroup = 61BF922724FD8F1400A8A8BE /* Products */;
			projectDirPath = "";
			projectRoot = "";
			targets = (
				61BF922524FD8F1400A8A8BE /* Final Challenge */,
			);
		};
/* End PBXProject section */

/* Begin PBXResourcesBuildPhase section */
		61BF922424FD8F1400A8A8BE /* Resources */ = {
			isa = PBXResourcesBuildPhase;
			buildActionMask = 2147483647;
			files = (
				61BF923624FD8F1600A8A8BE /* LaunchScreen.storyboard in Resources */,
				61BF923324FD8F1600A8A8BE /* Assets.xcassets in Resources */,
				61BF923124FD8F1400A8A8BE /* Main.storyboard in Resources */,
			);
			runOnlyForDeploymentPostprocessing = 0;
		};
/* End PBXResourcesBuildPhase section */

/* Begin PBXSourcesBuildPhase section */
		61BF922224FD8F1400A8A8BE /* Sources */ = {
			isa = PBXSourcesBuildPhase;
			buildActionMask = 2147483647;
			files = (
				61BF922E24FD8F1400A8A8BE /* ViewController.swift in Sources */,
				61BF922A24FD8F1400A8A8BE /* AppDelegate.swift in Sources */,
				61BF922C24FD8F1400A8A8BE /* SceneDelegate.swift in Sources */,
			);
			runOnlyForDeploymentPostprocessing = 0;
		};
/* End PBXSourcesBuildPhase section */

/* Begin PBXVariantGroup section */
		61BF922F24FD8F1400A8A8BE /* Main.storyboard */ = {
			isa = PBXVariantGroup;
			children = (
				61BF923024FD8F1400A8A8BE /* Base */,
			);
			name = Main.storyboard;
			sourceTree = "<group>";
		};
		61BF923424FD8F1600A8A8BE /* LaunchScreen.storyboard */ = {
			isa = PBXVariantGroup;
			children = (
				61BF923524FD8F1600A8A8BE /* Base */,
			);
			name = LaunchScreen.storyboard;
			sourceTree = "<group>";
		};
/* End PBXVariantGroup section */

/* Begin XCBuildConfiguration section */
		61BF923824FD8F1600A8A8BE /* Debug */ = {
			isa = XCBuildConfiguration;
			buildSettings = {
				ALWAYS_SEARCH_USER_PATHS = NO;
				CLANG_ANALYZER_NONNULL = YES;
				CLANG_ANALYZER_NUMBER_OBJECT_CONVERSION = YES_AGGRESSIVE;
				CLANG_CXX_LANGUAGE_STANDARD = "gnu++14";
				CLANG_CXX_LIBRARY = "libc++";
				CLANG_ENABLE_MODULES = YES;
				CLANG_ENABLE_OBJC_ARC = YES;
				CLANG_ENABLE_OBJC_WEAK = YES;
				CLANG_WARN_BLOCK_CAPTURE_AUTORELEASING = YES;
				CLANG_WARN_BOOL_CONVERSION = YES;
				CLANG_WARN_COMMA = YES;
				CLANG_WARN_CONSTANT_CONVERSION = YES;
				CLANG_WARN_DEPRECATED_OBJC_IMPLEMENTATIONS = YES;
				CLANG_WARN_DIRECT_OBJC_ISA_USAGE = YES_ERROR;
				CLANG_WARN_DOCUMENTATION_COMMENTS = YES;
				CLANG_WARN_EMPTY_BODY = YES;
				CLANG_WARN_ENUM_CONVERSION = YES;
				CLANG_WARN_INFINITE_RECURSION = YES;
				CLANG_WARN_INT_CONVERSION = YES;
				CLANG_WARN_NON_LITERAL_NULL_CONVERSION = YES;
				CLANG_WARN_OBJC_IMPLICIT_RETAIN_SELF = YES;
				CLANG_WARN_OBJC_LITERAL_CONVERSION = YES;
				CLANG_WARN_OBJC_ROOT_CLASS = YES_ERROR;
				CLANG_WARN_RANGE_LOOP_ANALYSIS = YES;
				CLANG_WARN_STRICT_PROTOTYPES = YES;
				CLANG_WARN_SUSPICIOUS_MOVE = YES;
				CLANG_WARN_UNGUARDED_AVAILABILITY = YES_AGGRESSIVE;
				CLANG_WARN_UNREACHABLE_CODE = YES;
				CLANG_WARN__DUPLICATE_METHOD_MATCH = YES;
				COPY_PHASE_STRIP = NO;
				DEBUG_INFORMATION_FORMAT = dwarf;
				ENABLE_STRICT_OBJC_MSGSEND = YES;
				ENABLE_TESTABILITY = YES;
				GCC_C_LANGUAGE_STANDARD = gnu11;
				GCC_DYNAMIC_NO_PIC = NO;
				GCC_NO_COMMON_BLOCKS = YES;
				GCC_OPTIMIZATION_LEVEL = 0;
				GCC_PREPROCESSOR_DEFINITIONS = (
					"DEBUG=1",
					"$(inherited)",
				);
				GCC_WARN_64_TO_32_BIT_CONVERSION = YES;
				GCC_WARN_ABOUT_RETURN_TYPE = YES_ERROR;
				GCC_WARN_UNDECLARED_SELECTOR = YES;
				GCC_WARN_UNINITIALIZED_AUTOS = YES_AGGRESSIVE;
				GCC_WARN_UNUSED_FUNCTION = YES;
				GCC_WARN_UNUSED_VARIABLE = YES;
				IPHONEOS_DEPLOYMENT_TARGET = 13.6;
				MTL_ENABLE_DEBUG_INFO = INCLUDE_SOURCE;
				MTL_FAST_MATH = YES;
				ONLY_ACTIVE_ARCH = YES;
				SDKROOT = iphoneos;
				SWIFT_ACTIVE_COMPILATION_CONDITIONS = DEBUG;
				SWIFT_OPTIMIZATION_LEVEL = "-Onone";
			};
			name = Debug;
		};
		61BF923924FD8F1600A8A8BE /* Release */ = {
			isa = XCBuildConfiguration;
			buildSettings = {
				ALWAYS_SEARCH_USER_PATHS = NO;
				CLANG_ANALYZER_NONNULL = YES;
				CLANG_ANALYZER_NUMBER_OBJECT_CONVERSION = YES_AGGRESSIVE;
				CLANG_CXX_LANGUAGE_STANDARD = "gnu++14";
				CLANG_CXX_LIBRARY = "libc++";
				CLANG_ENABLE_MODULES = YES;
				CLANG_ENABLE_OBJC_ARC = YES;
				CLANG_ENABLE_OBJC_WEAK = YES;
				CLANG_WARN_BLOCK_CAPTURE_AUTORELEASING = YES;
				CLANG_WARN_BOOL_CONVERSION = YES;
				CLANG_WARN_COMMA = YES;
				CLANG_WARN_CONSTANT_CONVERSION = YES;
				CLANG_WARN_DEPRECATED_OBJC_IMPLEMENTATIONS = YES;
				CLANG_WARN_DIRECT_OBJC_ISA_USAGE = YES_ERROR;
				CLANG_WARN_DOCUMENTATION_COMMENTS = YES;
				CLANG_WARN_EMPTY_BODY = YES;
				CLANG_WARN_ENUM_CONVERSION = YES;
				CLANG_WARN_INFINITE_RECURSION = YES;
				CLANG_WARN_INT_CONVERSION = YES;
				CLANG_WARN_NON_LITERAL_NULL_CONVERSION = YES;
				CLANG_WARN_OBJC_IMPLICIT_RETAIN_SELF = YES;
				CLANG_WARN_OBJC_LITERAL_CONVERSION = YES;
				CLANG_WARN_OBJC_ROOT_CLASS = YES_ERROR;
				CLANG_WARN_RANGE_LOOP_ANALYSIS = YES;
				CLANG_WARN_STRICT_PROTOTYPES = YES;
				CLANG_WARN_SUSPICIOUS_MOVE = YES;
				CLANG_WARN_UNGUARDED_AVAILABILITY = YES_AGGRESSIVE;
				CLANG_WARN_UNREACHABLE_CODE = YES;
				CLANG_WARN__DUPLICATE_METHOD_MATCH = YES;
				COPY_PHASE_STRIP = NO;
				DEBUG_INFORMATION_FORMAT = "dwarf-with-dsym";
				ENABLE_NS_ASSERTIONS = NO;
				ENABLE_STRICT_OBJC_MSGSEND = YES;
				GCC_C_LANGUAGE_STANDARD = gnu11;
				GCC_NO_COMMON_BLOCKS = YES;
				GCC_WARN_64_TO_32_BIT_CONVERSION = YES;
				GCC_WARN_ABOUT_RETURN_TYPE = YES_ERROR;
				GCC_WARN_UNDECLARED_SELECTOR = YES;
				GCC_WARN_UNINITIALIZED_AUTOS = YES_AGGRESSIVE;
				GCC_WARN_UNUSED_FUNCTION = YES;
				GCC_WARN_UNUSED_VARIABLE = YES;
				IPHONEOS_DEPLOYMENT_TARGET = 13.6;
				MTL_ENABLE_DEBUG_INFO = NO;
				MTL_FAST_MATH = YES;
				SDKROOT = iphoneos;
				SWIFT_COMPILATION_MODE = wholemodule;
				SWIFT_OPTIMIZATION_LEVEL = "-O";
				VALIDATE_PRODUCT = YES;
			};
			name = Release;
		};
		61BF923B24FD8F1600A8A8BE /* Debug */ = {
			isa = XCBuildConfiguration;
			buildSettings = {
				ASSETCATALOG_COMPILER_APPICON_NAME = AppIcon;
				CODE_SIGN_STYLE = Automatic;
				DEVELOPMENT_TEAM = 557CPNQUYB;
				INFOPLIST_FILE = "Final Challenge/Info.plist";
				LD_RUNPATH_SEARCH_PATHS = (
					"$(inherited)",
					"@executable_path/Frameworks",
				);
				PRODUCT_BUNDLE_IDENTIFIER = "br.jha.final.Final-Challenge";
				PRODUCT_NAME = "$(TARGET_NAME)";
				SWIFT_VERSION = 5.0;
				TARGETED_DEVICE_FAMILY = "1,2";
			};
			name = Debug;
		};
		61BF923C24FD8F1600A8A8BE /* Release */ = {
			isa = XCBuildConfiguration;
			buildSettings = {
				ASSETCATALOG_COMPILER_APPICON_NAME = AppIcon;
				CODE_SIGN_STYLE = Automatic;
				DEVELOPMENT_TEAM = 557CPNQUYB;
				INFOPLIST_FILE = "Final Challenge/Info.plist";
				LD_RUNPATH_SEARCH_PATHS = (
					"$(inherited)",
					"@executable_path/Frameworks",
				);
				PRODUCT_BUNDLE_IDENTIFIER = "br.jha.final.Final-Challenge";
				PRODUCT_NAME = "$(TARGET_NAME)";
				SWIFT_VERSION = 5.0;
				TARGETED_DEVICE_FAMILY = "1,2";
			};
			name = Release;
		};
/* End XCBuildConfiguration section */

/* Begin XCConfigurationList section */
		61BF922124FD8F1400A8A8BE /* Build configuration list for PBXProject "Final Challenge" */ = {
			isa = XCConfigurationList;
			buildConfigurations = (
				61BF923824FD8F1600A8A8BE /* Debug */,
				61BF923924FD8F1600A8A8BE /* Release */,
			);
			defaultConfigurationIsVisible = 0;
			defaultConfigurationName = Release;
		};
		61BF923A24FD8F1600A8A8BE /* Build configuration list for PBXNativeTarget "Final Challenge" */ = {
			isa = XCConfigurationList;
			buildConfigurations = (
				61BF923B24FD8F1600A8A8BE /* Debug */,
				61BF923C24FD8F1600A8A8BE /* Release */,
			);
			defaultConfigurationIsVisible = 0;
			defaultConfigurationName = Release;
		};
/* End XCConfigurationList section */
	};
	rootObject = 61BF921E24FD8F1400A8A8BE /* Project object */;
}
